
Microsoft Visual Studio Solution File, Format Version 12.00
# Visual Studio 15
VisualStudioVersion = 15.0.27703.2035
MinimumVisualStudioVersion = 10.0.40219.1
Project("{FAE04EC0-301F-11D3-BF4B-00C04F79EFBC}") = "ClientAppliaction", "ClientAppliaction\ClientAppliaction.csproj", "{F0CC8DE7-A19B-4E7D-9A6F-756600114972}"
EndProject
Project("{FAE04EC0-301F-11D3-BF4B-00C04F79EFBC}") = "UnitTestProject", "UnitTestProject\UnitTestProject.csproj", "{45AB31CD-B349-4810-A08E-789EE66993AA}"
EndProject
Project("{FAE04EC0-301F-11D3-BF4B-00C04F79EFBC}") = "RestfulAPI", "RestfulAPI\RestfulAPI.csproj", "{F235E812-5AF3-485C-9AEC-9E5C081E267B}"
EndProject
Global
	GlobalSection(SolutionConfigurationPlatforms) = preSolution
		Debug|Any CPU = Debug|Any CPU
		Debug|ARM = Debug|ARM
		Debug|x64 = Debug|x64
		Debug|x86 = Debug|x86
		Release|Any CPU = Release|Any CPU
		Release|ARM = Release|ARM
		Release|x64 = Release|x64
		Release|x86 = Release|x86
	EndGlobalSection
	GlobalSection(ProjectConfigurationPlatforms) = postSolution
		{F0CC8DE7-A19B-4E7D-9A6F-756600114972}.Debug|Any CPU.ActiveCfg = Debug|Any CPU
		{F0CC8DE7-A19B-4E7D-9A6F-756600114972}.Debug|Any CPU.Build.0 = Debug|Any CPU
		{F0CC8DE7-A19B-4E7D-9A6F-756600114972}.Debug|ARM.ActiveCfg = Debug|Any CPU
		{F0CC8DE7-A19B-4E7D-9A6F-756600114972}.Debug|ARM.Build.0 = Debug|Any CPU
		{F0CC8DE7-A19B-4E7D-9A6F-756600114972}.Debug|x64.ActiveCfg = Debug|Any CPU
		{F0CC8DE7-A19B-4E7D-9A6F-756600114972}.Debug|x64.Build.0 = Debug|Any CPU
		{F0CC8DE7-A19B-4E7D-9A6F-756600114972}.Debug|x86.ActiveCfg = Debug|Any CPU
		{F0CC8DE7-A19B-4E7D-9A6F-756600114972}.Debug|x86.Build.0 = Debug|Any CPU
		{F0CC8DE7-A19B-4E7D-9A6F-756600114972}.Release|Any CPU.ActiveCfg = Release|Any CPU
		{F0CC8DE7-A19B-4E7D-9A6F-756600114972}.Release|Any CPU.Build.0 = Release|Any CPU
		{F0CC8DE7-A19B-4E7D-9A6F-756600114972}.Release|ARM.ActiveCfg = Release|Any CPU
		{F0CC8DE7-A19B-4E7D-9A6F-756600114972}.Release|ARM.Build.0 = Release|Any CPU
		{F0CC8DE7-A19B-4E7D-9A6F-756600114972}.Release|x64.ActiveCfg = Release|Any CPU
		{F0CC8DE7-A19B-4E7D-9A6F-756600114972}.Release|x64.Build.0 = Release|Any CPU
		{F0CC8DE7-A19B-4E7D-9A6F-756600114972}.Release|x86.ActiveCfg = Release|Any CPU
		{F0CC8DE7-A19B-4E7D-9A6F-756600114972}.Release|x86.Build.0 = Release|Any CPU
		{45AB31CD-B349-4810-A08E-789EE66993AA}.Debug|Any CPU.ActiveCfg = Debug|Any CPU
		{45AB31CD-B349-4810-A08E-789EE66993AA}.Debug|Any CPU.Build.0 = Debug|Any CPU
		{45AB31CD-B349-4810-A08E-789EE66993AA}.Debug|ARM.ActiveCfg = Debug|Any CPU
		{45AB31CD-B349-4810-A08E-789EE66993AA}.Debug|ARM.Build.0 = Debug|Any CPU
		{45AB31CD-B349-4810-A08E-789EE66993AA}.Debug|x64.ActiveCfg = Debug|Any CPU
		{45AB31CD-B349-4810-A08E-789EE66993AA}.Debug|x64.Build.0 = Debug|Any CPU
		{45AB31CD-B349-4810-A08E-789EE66993AA}.Debug|x86.ActiveCfg = Debug|Any CPU
		{45AB31CD-B349-4810-A08E-789EE66993AA}.Debug|x86.Build.0 = Debug|Any CPU
		{45AB31CD-B349-4810-A08E-789EE66993AA}.Release|Any CPU.ActiveCfg = Release|Any CPU
		{45AB31CD-B349-4810-A08E-789EE66993AA}.Release|Any CPU.Build.0 = Release|Any CPU
		{45AB31CD-B349-4810-A08E-789EE66993AA}.Release|ARM.ActiveCfg = Release|Any CPU
		{45AB31CD-B349-4810-A08E-789EE66993AA}.Release|ARM.Build.0 = Release|Any CPU
		{45AB31CD-B349-4810-A08E-789EE66993AA}.Release|x64.ActiveCfg = Release|Any CPU
		{45AB31CD-B349-4810-A08E-789EE66993AA}.Release|x64.Build.0 = Release|Any CPU
		{45AB31CD-B349-4810-A08E-789EE66993AA}.Release|x86.ActiveCfg = Release|Any CPU
		{45AB31CD-B349-4810-A08E-789EE66993AA}.Release|x86.Build.0 = Release|Any CPU
		{F235E812-5AF3-485C-9AEC-9E5C081E267B}.Debug|Any CPU.ActiveCfg = Debug|Any CPU
		{F235E812-5AF3-485C-9AEC-9E5C081E267B}.Debug|Any CPU.Build.0 = Debug|Any CPU
		{F235E812-5AF3-485C-9AEC-9E5C081E267B}.Debug|ARM.ActiveCfg = Debug|Any CPU
		{F235E812-5AF3-485C-9AEC-9E5C081E267B}.Debug|ARM.Build.0 = Debug|Any CPU
		{F235E812-5AF3-485C-9AEC-9E5C081E267B}.Debug|x64.ActiveCfg = Debug|Any CPU
		{F235E812-5AF3-485C-9AEC-9E5C081E267B}.Debug|x64.Build.0 = Debug|Any CPU
		{F235E812-5AF3-485C-9AEC-9E5C081E267B}.Debug|x86.ActiveCfg = Debug|Any CPU
		{F235E812-5AF3-485C-9AEC-9E5C081E267B}.Debug|x86.Build.0 = Debug|Any CPU
		{F235E812-5AF3-485C-9AEC-9E5C081E267B}.Release|Any CPU.ActiveCfg = Release|Any CPU
		{F235E812-5AF3-485C-9AEC-9E5C081E267B}.Release|Any CPU.Build.0 = Release|Any CPU
		{F235E812-5AF3-485C-9AEC-9E5C081E267B}.Release|ARM.ActiveCfg = Release|Any CPU
		{F235E812-5AF3-485C-9AEC-9E5C081E267B}.Release|ARM.Build.0 = Release|Any CPU
		{F235E812-5AF3-485C-9AEC-9E5C081E267B}.Release|x64.ActiveCfg = Release|Any CPU
		{F235E812-5AF3-485C-9AEC-9E5C081E267B}.Release|x64.Build.0 = Release|Any CPU
		{F235E812-5AF3-485C-9AEC-9E5C081E267B}.Release|x86.ActiveCfg = Release|Any CPU
		{F235E812-5AF3-485C-9AEC-9E5C081E267B}.Release|x86.Build.0 = Release|Any CPU
	EndGlobalSection
	GlobalSection(SolutionProperties) = preSolution
		HideSolutionNode = FALSE
	EndGlobalSection
	GlobalSection(ExtensibilityGlobals) = postSolution
		SolutionGuid = {7BFFB335-F464-44E5-B1ED-1960AAE5DD97}
	EndGlobalSection
EndGlobal
